<?xml version="1.0" encoding="utf-8"?>
<Project ToolsVersion="4.0" xmlns="http://schemas.microsoft.com/developer/msbuild/2003">
  <ItemGroup>
    <Filter Include="src">
      <UniqueIdentifier>{4FC737F1-C7A5-4376-A066-2A32D752A2FF}</UniqueIdentifier>
      <Extensions>cpp;c;cc;cxx;def;odl;idl;hpj;bat;asm;asmx</Extensions>
    </Filter>
    <Filter Include="src\Lua">
      <UniqueIdentifier>{288c14ba-ee06-47fd-9e7a-4221261c786c}</UniqueIdentifier>
    </Filter>
    <Filter Include="src\DX11">
      <UniqueIdentifier>{3df32ecc-547e-4c46-aab6-d45ad2b8398b}</UniqueIdentifier>
    </Filter>
    <Filter Include="src\path">
      <UniqueIdentifier>{a0b0274c-3863-49d0-95c0-3a1e11921347}</UniqueIdentifier>
    </Filter>
    <Filter Include="inc">
      <UniqueIdentifier>{93995380-89BD-4b04-88EB-625FBE52EBFB}</UniqueIdentifier>
      <Extensions>h;hpp;hxx;hm;inl;inc;xsd</Extensions>
    </Filter>
    <Filter Include="inc\Lua">
      <UniqueIdentifier>{a6c6746c-3cfd-428d-b9da-37fc39ab9099}</UniqueIdentifier>
    </Filter>
    <Filter Include="inc\DX11">
      <UniqueIdentifier>{48b4cb59-d81f-41d2-b8f9-48dd96d9aa74}</UniqueIdentifier>
    </Filter>
    <Filter Include="inc\path">
      <UniqueIdentifier>{63a3168d-76cb-4ed9-b969-76b8999fee38}</UniqueIdentifier>
    </Filter>
    <Filter Include="inc\stage">
      <UniqueIdentifier>{d4d88258-9754-41fc-bc61-66db80967602}</UniqueIdentifier>
    </Filter>
    <Filter Include="shader">
      <UniqueIdentifier>{48239bf5-90c2-4fbb-bcc3-dc1fe596d254}</UniqueIdentifier>
    </Filter>
    <Filter Include="UI">
      <UniqueIdentifier>{7bd9ddc8-59c8-46bf-8b91-94809fd6b6c8}</UniqueIdentifier>
    </Filter>
    <Filter Include="UI\DXUT">
      <UniqueIdentifier>{788fe801-486b-4741-814a-47dd7ed26f87}</UniqueIdentifier>
    </Filter>
    <Filter Include="memory">
      <UniqueIdentifier>{cd19a7f0-b0bc-4ac2-a6ca-64d55bf26430}</UniqueIdentifier>
    </Filter>
    <Filter Include="inc\game">
      <UniqueIdentifier>{5ea72889-592a-4d89-a84e-33336cd917c9}</UniqueIdentifier>
    </Filter>
    <Filter Include="src\game">
      <UniqueIdentifier>{731a8886-6c46-4f71-a582-c6931474b208}</UniqueIdentifier>
    </Filter>
  </ItemGroup>
  <ItemGroup>
    <ClCompile Include="ConvStr.cpp">
      <Filter>src</Filter>
    </ClCompile>
    <ClCompile Include="global.cpp">
      <Filter>src</Filter>
    </ClCompile>
    <ClCompile Include="main.cpp">
      <Filter>src</Filter>
    </ClCompile>
    <ClCompile Include="stdafx.cpp">
      <Filter>src</Filter>
    </ClCompile>
    <ClCompile Include="Lua\CreateLua.cpp">
      <Filter>src\Lua</Filter>
    </ClCompile>
    <ClCompile Include="Lua\LuaCell.cpp">
      <Filter>src\Lua</Filter>
    </ClCompile>
    <ClCompile Include="DX11\d3dApp.cpp">
      <Filter>src\DX11</Filter>
    </ClCompile>
    <ClCompile Include="DX11\GetDirectXInput.cpp">
      <Filter>src\DX11</Filter>
    </ClCompile>
    <ClCompile Include="DX11\InitDirect3DApp.cpp">
      <Filter>src\DX11</Filter>
    </ClCompile>
    <ClCompile Include="DX11\InputState.cpp">
      <Filter>src\DX11</Filter>
    </ClCompile>
    <ClCompile Include="DX11\TextureManager.cpp">
      <Filter>src\DX11</Filter>
    </ClCompile>
    <ClCompile Include="DX11\Timer.cpp">
      <Filter>src\DX11</Filter>
    </ClCompile>
    <ClCompile Include="DX11\WaveSound.cpp">
      <Filter>src\DX11</Filter>
    </ClCompile>
    <ClCompile Include="path\BezierCurve.cpp">
      <Filter>src\path</Filter>
    </ClCompile>
    <ClCompile Include="path\BsplineCurve.cpp">
      <Filter>src\path</Filter>
    </ClCompile>
    <ClCompile Include="path\HSplineCurve.cpp">
      <Filter>src\path</Filter>
    </ClCompile>
    <ClCompile Include="path\LinearLine.cpp">
      <Filter>src\path</Filter>
    </ClCompile>
    <ClCompile Include="path\MathFunctionCurve.cpp">
      <Filter>src\path</Filter>
    </ClCompile>
    <ClCompile Include="path\PathInterpolater.cpp">
      <Filter>src\path</Filter>
    </ClCompile>
    <ClCompile Include="UI\DXUTUI.cpp">
      <Filter>UI</Filter>
    </ClCompile>
    <ClCompile Include="UI\DXUT\DXUT.cpp">
      <Filter>UI\DXUT</Filter>
    </ClCompile>
    <ClCompile Include="UI\DXUT\DXUTcamera.cpp">
      <Filter>UI\DXUT</Filter>
    </ClCompile>
    <ClCompile Include="UI\DXUT\DXUTDevice11.cpp">
      <Filter>UI\DXUT</Filter>
    </ClCompile>
    <ClCompile Include="UI\DXUT\DXUTDevice9.cpp">
      <Filter>UI\DXUT</Filter>
    </ClCompile>
    <ClCompile Include="UI\DXUT\DXUTgui.cpp">
      <Filter>UI\DXUT</Filter>
    </ClCompile>
    <ClCompile Include="UI\DXUT\DXUTguiIME.cpp">
      <Filter>UI\DXUT</Filter>
    </ClCompile>
    <ClCompile Include="UI\DXUT\DXUTmisc.cpp">
      <Filter>UI\DXUT</Filter>
    </ClCompile>
    <ClCompile Include="UI\DXUT\DXUTres.cpp">
      <Filter>UI\DXUT</Filter>
    </ClCompile>
    <ClCompile Include="UI\DXUT\DXUTsettingsdlg.cpp">
      <Filter>UI\DXUT</Filter>
    </ClCompile>
    <ClCompile Include="UI\DXUT\ImeUi.cpp">
      <Filter>UI\DXUT</Filter>
    </ClCompile>
    <ClCompile Include="UI\DXUT\SDKmesh.cpp">
      <Filter>UI\DXUT</Filter>
    </ClCompile>
    <ClCompile Include="UI\DXUT\SDKmisc.cpp">
      <Filter>UI\DXUT</Filter>
    </ClCompile>
    <ClCompile Include="memory\BitSet.cpp">
      <Filter>memory</Filter>
    </ClCompile>
    <ClCompile Include="DX11\Vertex.cpp">
      <Filter>src\DX11</Filter>
    </ClCompile>
    <ClCompile Include="game\FrameInfo.cpp">
      <Filter>src\game</Filter>
    </ClCompile>
    <ClCompile Include="game\Hero.cpp">
      <Filter>src\game</Filter>
    </ClCompile>
    <ClCompile Include="game\HeroInfo.cpp">
      <Filter>src\game</Filter>
    </ClCompile>
    <ClCompile Include="game\HeroInfoManager.cpp">
      <Filter>src\game</Filter>
    </ClCompile>
    <ClCompile Include="game\PictureData.cpp">
      <Filter>src\game</Filter>
    </ClCompile>
    <ClCompile Include="game\Player.cpp">
      <Filter>src\game</Filter>
    </ClCompile>
    <ClCompile Include="game\BackGround.cpp">
      <Filter>src\game</Filter>
    </ClCompile>
    <ClCompile Include="DX11\Camera.cpp">
      <Filter>src\DX11</Filter>
    </ClCompile>
    <ClCompile Include="game\BGManager.cpp">
      <Filter>src\game</Filter>
    </ClCompile>
    <ClCompile Include="game\Weapon.cpp">
      <Filter>src\game</Filter>
    </ClCompile>
    <ClCompile Include="game\Chee.cpp">
      <Filter>src\game</Filter>
    </ClCompile>
    <ClCompile Include="game\ObjectInfoManager.cpp">
      <Filter>src\game</Filter>
    </ClCompile>
    <ClCompile Include="game\FlyingPath.cpp">
      <Filter>src\game</Filter>
    </ClCompile>
    <ClCompile Include="game\ObjectInfo.cpp">
      <Filter>src\game</Filter>
    </ClCompile>
    <ClCompile Include="game\ObjectManager.cpp">
      <Filter>src\game</Filter>
    </ClCompile>
    <ClCompile Include="game\HeroManager.cpp">
      <Filter>src\game</Filter>
    </ClCompile>
  </ItemGroup>
  <ItemGroup>
    <ClInclude Include="ConvStr.h">
      <Filter>inc</Filter>
    </ClInclude>
    <ClInclude Include="global.h">
      <Filter>inc</Filter>
    </ClInclude>
    <ClInclude Include="main.h">
      <Filter>inc</Filter>
    </ClInclude>
    <ClInclude Include="stdafx.h">
      <Filter>inc</Filter>
    </ClInclude>
    <ClInclude Include="Lua\CreateLua.h">
      <Filter>inc\Lua</Filter>
    </ClInclude>
    <ClInclude Include="Lua\LuaCell.h">
      <Filter>inc\Lua</Filter>
    </ClInclude>
    <ClInclude Include="DX11\d3dApp.h">
      <Filter>inc\DX11</Filter>
    </ClInclude>
    <ClInclude Include="DX11\GetDirectXInput.h">
      <Filter>inc\DX11</Filter>
    </ClInclude>
    <ClInclude Include="DX11\InitDirect3DApp.h">
      <Filter>inc\DX11</Filter>
    </ClInclude>
    <ClInclude Include="DX11\InputState.h">
      <Filter>inc\DX11</Filter>
    </ClInclude>
    <ClInclude Include="DX11\TextureManager.h">
      <Filter>inc\DX11</Filter>
    </ClInclude>
    <ClInclude Include="DX11\Timer.h">
      <Filter>inc\DX11</Filter>
    </ClInclude>
    <ClInclude Include="DX11\Vertex.h">
      <Filter>inc\DX11</Filter>
    </ClInclude>
    <ClInclude Include="DX11\WaveSound.h">
      <Filter>inc\DX11</Filter>
    </ClInclude>
    <ClInclude Include="path\BezierCurve.h">
      <Filter>inc\path</Filter>
    </ClInclude>
    <ClInclude Include="path\BsplineCurve.h">
      <Filter>inc\path</Filter>
    </ClInclude>
    <ClInclude Include="path\HSplineCurve.h">
      <Filter>inc\path</Filter>
    </ClInclude>
    <ClInclude Include="path\LinearLine.h">
      <Filter>inc\path</Filter>
    </ClInclude>
    <ClInclude Include="path\MathFunctionCurve.h">
      <Filter>inc\path</Filter>
    </ClInclude>
    <ClInclude Include="path\PathInterpolater.h">
      <Filter>inc\path</Filter>
    </ClInclude>
    <ClInclude Include="stage\ObjectFactory.h">
      <Filter>inc\stage</Filter>
    </ClInclude>
    <ClInclude Include="UI\CmdDef.h">
      <Filter>UI</Filter>
    </ClInclude>
    <ClInclude Include="UI\DXUTUI.h">
      <Filter>UI</Filter>
    </ClInclude>
    <ClInclude Include="UI\DXUT\DXUT.h">
      <Filter>UI\DXUT</Filter>
    </ClInclude>
    <ClInclude Include="UI\DXUT\DXUTcamera.h">
      <Filter>UI\DXUT</Filter>
    </ClInclude>
    <ClInclude Include="UI\DXUT\DXUTDevice11.h">
      <Filter>UI\DXUT</Filter>
    </ClInclude>
    <ClInclude Include="UI\DXUT\DXUTDevice9.h">
      <Filter>UI\DXUT</Filter>
    </ClInclude>
    <ClInclude Include="UI\DXUT\DXUTgui.h">
      <Filter>UI\DXUT</Filter>
    </ClInclude>
    <ClInclude Include="UI\DXUT\DXUTguiIME.h">
      <Filter>UI\DXUT</Filter>
    </ClInclude>
    <ClInclude Include="UI\DXUT\DXUTLockFreePipe.h">
      <Filter>UI\DXUT</Filter>
    </ClInclude>
    <ClInclude Include="UI\DXUT\DXUTmisc.h">
      <Filter>UI\DXUT</Filter>
    </ClInclude>
    <ClInclude Include="UI\DXUT\DXUTres.h">
      <Filter>UI\DXUT</Filter>
    </ClInclude>
    <ClInclude Include="UI\DXUT\DXUTsettingsdlg.h">
      <Filter>UI\DXUT</Filter>
    </ClInclude>
    <ClInclude Include="UI\DXUT\ImeUi.h">
      <Filter>UI\DXUT</Filter>
    </ClInclude>
    <ClInclude Include="UI\DXUT\SDKmesh.h">
      <Filter>UI\DXUT</Filter>
    </ClInclude>
    <ClInclude Include="UI\DXUT\SDKmisc.h">
      <Filter>UI\DXUT</Filter>
    </ClInclude>
    <ClInclude Include="memory\BitSet.h">
      <Filter>memory</Filter>
    </ClInclude>
    <ClInclude Include="memory\VMemPool.h">
      <Filter>memory</Filter>
    </ClInclude>
    <ClInclude Include="game\BeCatch.h">
      <Filter>inc\game</Filter>
    </ClInclude>
    <ClInclude Include="game\BloodInfo.h">
      <Filter>inc\game</Filter>
    </ClInclude>
    <ClInclude Include="game\Body.h">
      <Filter>inc\game</Filter>
    </ClInclude>
    <ClInclude Include="game\CatchInfo.h">
      <Filter>inc\game</Filter>
    </ClInclude>
    <ClInclude Include="game\Consume.h">
      <Filter>inc\game</Filter>
    </ClInclude>
    <ClInclude Include="game\CtrlKey.h">
      <Filter>inc\game</Filter>
    </ClInclude>
    <ClInclude Include="game\FrameInfo.h">
      <Filter>inc\game</Filter>
    </ClInclude>
    <ClInclude Include="game\Hero.h">
      <Filter>inc\game</Filter>
    </ClInclude>
    <ClInclude Include="game\HeroAction.h">
      <Filter>inc\game</Filter>
    </ClInclude>
    <ClInclude Include="game\HeroInfo.h">
      <Filter>inc\game</Filter>
    </ClInclude>
    <ClInclude Include="game\HeroInfoManager.h">
      <Filter>inc\game</Filter>
    </ClInclude>
    <ClInclude Include="game\HitData.h">
      <Filter>inc\game</Filter>
    </ClInclude>
    <ClInclude Include="game\PictureData.h">
      <Filter>inc\game</Filter>
    </ClInclude>
    <ClInclude Include="game\Player.h">
      <Filter>inc\game</Filter>
    </ClInclude>
    <ClInclude Include="game\Attack.h">
      <Filter>inc\game</Filter>
    </ClInclude>
    <ClInclude Include="game\BackGround.h">
      <Filter>inc\game</Filter>
    </ClInclude>
    <ClInclude Include="DX11\Camera.h">
      <Filter>inc\DX11</Filter>
    </ClInclude>
    <ClInclude Include="game\BGManager.h">
      <Filter>inc\game</Filter>
    </ClInclude>
    <ClInclude Include="game\ColorRect.h">
      <Filter>inc\game</Filter>
    </ClInclude>
    <ClInclude Include="game\ObjectInfo.h">
      <Filter>inc\game</Filter>
    </ClInclude>
    <ClInclude Include="game\ObjectType.h">
      <Filter>inc\game</Filter>
    </ClInclude>
    <ClInclude Include="resource.h">
      <Filter>inc</Filter>
    </ClInclude>
    <ClInclude Include="game\ObjectInfoManager.h">
      <Filter>inc\game</Filter>
    </ClInclude>
    <ClInclude Include="game\Weapon.h">
      <Filter>inc\game</Filter>
    </ClInclude>
    <ClInclude Include="game\Chee.h">
      <Filter>inc\game</Filter>
    </ClInclude>
    <ClInclude Include="game\FlyingPath.h">
      <Filter>inc\game</Filter>
    </ClInclude>
    <ClInclude Include="game\HeroManager.h">
      <Filter>inc\game</Filter>
    </ClInclude>
    <ClInclude Include="game\ObjectManager.h">
      <Filter>inc\game</Filter>
    </ClInclude>
  </ItemGroup>
  <ItemGroup>
    <None Include="shader\bullet.fx">
      <Filter>shader</Filter>
    </None>
    <None Include="shader\point.fx">
      <Filter>shader</Filter>
    </None>
    <None Include="screen.fx">
      <Filter>shader</Filter>
    </None>
    <None Include="shader\Hero.fx">
      <Filter>shader</Filter>
    </None>
    <None Include="shader\Background.fx">
      <Filter>shader</Filter>
    </None>
    <None Include="shader\ColorRect.fx">
      <Filter>shader</Filter>
    </None>
    <None Include="shader\Shadow.fx">
      <Filter>shader</Filter>
    </None>
    <None Include="shader\Chee.fx">
      <Filter>shader</Filter>
    </None>
  </ItemGroup>
</Project>