
Microsoft Visual Studio Solution File, Format Version 11.00
# Visual Studio 2010
Project("{8BC9CEB8-8B4A-11D0-8D11-00A0C91BC942}") = "zip_interface", "zip_interface\zip_interface.vcxproj", "{AF33262D-890C-4165-87FC-183F0B59D272}"
EndProject
Global
	GlobalSection(SolutionConfigurationPlatforms) = preSolution
		Debug|Win32 = Debug|Win32
		Release|Win32 = Release|Win32
	EndGlobalSection
	GlobalSection(ProjectConfigurationPlatforms) = postSolution
		{AF33262D-890C-4165-87FC-183F0B59D272}.Debug|Win32.ActiveCfg = Debug|Win32
		{AF33262D-890C-4165-87FC-183F0B59D272}.Debug|Win32.Build.0 = Debug|Win32
		{AF33262D-890C-4165-87FC-183F0B59D272}.Release|Win32.ActiveCfg = Release|Win32
		{AF33262D-890C-4165-87FC-183F0B59D272}.Release|Win32.Build.0 = Release|Win32
	EndGlobalSection
	GlobalSection(SolutionProperties) = preSolution
		HideSolutionNode = FALSE
	EndGlobalSection
EndGlobal
