<?xml version="1.0" encoding="utf-8"?>
<Project ToolsVersion="4.0" xmlns="http://schemas.microsoft.com/developer/msbuild/2003">
  <ItemGroup>
    <Filter Include="Source Files">
      <UniqueIdentifier>{4FC737F1-C7A5-4376-A066-2A32D752A2FF}</UniqueIdentifier>
      <Extensions>cpp;c;cc;cxx;def;odl;idl;hpj;bat;asm;asmx</Extensions>
    </Filter>
    <Filter Include="Header Files">
      <UniqueIdentifier>{93995380-89BD-4b04-88EB-625FBE52EBFB}</UniqueIdentifier>
      <Extensions>h;hpp;hxx;hm;inl;inc;xsd</Extensions>
    </Filter>
    <Filter Include="Resource Files">
      <UniqueIdentifier>{67DA6AB6-F800-4c08-8B7A-83BB121AAD01}</UniqueIdentifier>
      <Extensions>rc;ico;cur;bmp;dlg;rc2;rct;bin;rgs;gif;jpg;jpeg;jpe;resx;tiff;tif;png;wav;mfcribbon-ms</Extensions>
    </Filter>
    <Filter Include="math">
      <UniqueIdentifier>{0b852be9-7bfc-4933-9fb9-a538c79eb655}</UniqueIdentifier>
    </Filter>
  </ItemGroup>
  <ItemGroup>
    <ClCompile Include="main.cpp">
      <Filter>Source Files</Filter>
    </ClCompile>
    <ClCompile Include="math\Math.cpp">
      <Filter>math</Filter>
    </ClCompile>
    <ClCompile Include="math\Matrix3.cpp">
      <Filter>math</Filter>
    </ClCompile>
    <ClCompile Include="math\Matrix4.cpp">
      <Filter>math</Filter>
    </ClCompile>
    <ClCompile Include="math\Plane.cpp">
      <Filter>math</Filter>
    </ClCompile>
    <ClCompile Include="math\Polygon2D.cpp">
      <Filter>math</Filter>
    </ClCompile>
    <ClCompile Include="math\Quaternion.cpp">
      <Filter>math</Filter>
    </ClCompile>
    <ClCompile Include="math\Vector2.cpp">
      <Filter>math</Filter>
    </ClCompile>
    <ClCompile Include="math\Vector3.cpp">
      <Filter>math</Filter>
    </ClCompile>
    <ClCompile Include="math\Vector4.cpp">
      <Filter>math</Filter>
    </ClCompile>
    <ClCompile Include="math\AABB2D.cpp">
      <Filter>math</Filter>
    </ClCompile>
    <ClCompile Include="math\AxisAlignedBox.cpp">
      <Filter>math</Filter>
    </ClCompile>
  </ItemGroup>
  <ItemGroup>
    <ClInclude Include="data_define.h">
      <Filter>Header Files</Filter>
    </ClInclude>
    <ClInclude Include="math\AxisAlignedBox.h">
      <Filter>math</Filter>
    </ClInclude>
    <ClInclude Include="math\Math.h">
      <Filter>math</Filter>
    </ClInclude>
    <ClInclude Include="math\Matrix3.h">
      <Filter>math</Filter>
    </ClInclude>
    <ClInclude Include="math\Matrix4.h">
      <Filter>math</Filter>
    </ClInclude>
    <ClInclude Include="math\Plane.h">
      <Filter>math</Filter>
    </ClInclude>
    <ClInclude Include="math\PlaneBoundedVolume.h">
      <Filter>math</Filter>
    </ClInclude>
    <ClInclude Include="math\Polygon2D.h">
      <Filter>math</Filter>
    </ClInclude>
    <ClInclude Include="math\Quaternion.h">
      <Filter>math</Filter>
    </ClInclude>
    <ClInclude Include="math\Ray.h">
      <Filter>math</Filter>
    </ClInclude>
    <ClInclude Include="math\Sphere.h">
      <Filter>math</Filter>
    </ClInclude>
    <ClInclude Include="math\Vector2.h">
      <Filter>math</Filter>
    </ClInclude>
    <ClInclude Include="math\Vector3.h">
      <Filter>math</Filter>
    </ClInclude>
    <ClInclude Include="math\Vector4.h">
      <Filter>math</Filter>
    </ClInclude>
    <ClInclude Include="math\AABB2D.h">
      <Filter>math</Filter>
    </ClInclude>
  </ItemGroup>
</Project>